
Microsoft Visual Studio Solution File, Format Version 12.00
# Visual Studio 15
VisualStudioVersion = 15.0.28307.539
MinimumVisualStudioVersion = 10.0.40219.1
Project("{8BC9CEB8-8B4A-11D0-8D11-00A0C91BC942}") = "cplusplus", "cplusplus\cplusplus.vcxproj", "{0BF337BC-26A9-48EA-BE1F-DA4692B6A24D}"
EndProject
Project("{8BC9CEB8-8B4A-11D0-8D11-00A0C91BC942}") = "_spdLog", "..\_spdLog\_spdLog\_spdLog.vcxproj", "{7FBE6064-E3A4-4BD8-83CF-B2922076F729}"
EndProject
Project("{8BC9CEB8-8B4A-11D0-8D11-00A0C91BC942}") = "mysqlplus", "..\mysqlplus\mysqlplus\mysqlplus.vcxproj", "{0240F6E7-EDFE-4281-B5D0-164D14A782B8}"
EndProject
Project("{8BC9CEB8-8B4A-11D0-8D11-00A0C91BC942}") = "uploadSocket", "..\uploadSocket\uploadSocket\uploadSocket.vcxproj", "{355A35C8-7ECC-4280-B837-6E34A71A24A1}"
EndProject
Project("{8BC9CEB8-8B4A-11D0-8D11-00A0C91BC942}") = "NetDownMTR", "..\NetDownMTR\NetDownMTR\NetDownMTR.vcxproj", "{C02BB0B1-694F-4319-AB4B-22F934870AFB}"
EndProject
Project("{8BC9CEB8-8B4A-11D0-8D11-00A0C91BC942}") = "vector", "..\vector_\vector\vector.vcxproj", "{9C7E1B65-120E-410E-9FD4-1D6762C5FCDA}"
EndProject
Project("{8BC9CEB8-8B4A-11D0-8D11-00A0C91BC942}") = "Timer", "..\Timer\Timer\Timer.vcxproj", "{3DA3D178-1318-4E42-A88B-57415172D53F}"
EndProject
Project("{8BC9CEB8-8B4A-11D0-8D11-00A0C91BC942}") = "File", "..\file\File\File.vcxproj", "{36087DD6-2EF5-417C-9678-AB7313921BF3}"
EndProject
Project("{8BC9CEB8-8B4A-11D0-8D11-00A0C91BC942}") = "MultiByteToWideChar", "..\MultiByteToWideChar\MultiByteToWideChar\MultiByteToWideChar.vcxproj", "{481D4A6D-89C2-4DA8-83EA-4CE25776DFA2}"
EndProject
Project("{8BC9CEB8-8B4A-11D0-8D11-00A0C91BC942}") = "njetWorkInternet", "..\njetWorkInternet\njetWorkInternet\njetWorkInternet.vcxproj", "{863AA052-E779-4B61-8212-E80DCAD31947}"
EndProject
Global
	GlobalSection(SolutionConfigurationPlatforms) = preSolution
		Debug|x64 = Debug|x64
		Debug|x86 = Debug|x86
		Release|x64 = Release|x64
		Release|x86 = Release|x86
	EndGlobalSection
	GlobalSection(ProjectConfigurationPlatforms) = postSolution
		{0BF337BC-26A9-48EA-BE1F-DA4692B6A24D}.Debug|x64.ActiveCfg = Debug|x64
		{0BF337BC-26A9-48EA-BE1F-DA4692B6A24D}.Debug|x64.Build.0 = Debug|x64
		{0BF337BC-26A9-48EA-BE1F-DA4692B6A24D}.Debug|x86.ActiveCfg = Debug|Win32
		{0BF337BC-26A9-48EA-BE1F-DA4692B6A24D}.Debug|x86.Build.0 = Debug|Win32
		{0BF337BC-26A9-48EA-BE1F-DA4692B6A24D}.Release|x64.ActiveCfg = Release|x64
		{0BF337BC-26A9-48EA-BE1F-DA4692B6A24D}.Release|x64.Build.0 = Release|x64
		{0BF337BC-26A9-48EA-BE1F-DA4692B6A24D}.Release|x86.ActiveCfg = Release|Win32
		{0BF337BC-26A9-48EA-BE1F-DA4692B6A24D}.Release|x86.Build.0 = Release|Win32
		{7FBE6064-E3A4-4BD8-83CF-B2922076F729}.Debug|x64.ActiveCfg = Debug|x64
		{7FBE6064-E3A4-4BD8-83CF-B2922076F729}.Debug|x64.Build.0 = Debug|x64
		{7FBE6064-E3A4-4BD8-83CF-B2922076F729}.Debug|x86.ActiveCfg = Debug|Win32
		{7FBE6064-E3A4-4BD8-83CF-B2922076F729}.Debug|x86.Build.0 = Debug|Win32
		{7FBE6064-E3A4-4BD8-83CF-B2922076F729}.Release|x64.ActiveCfg = Release|x64
		{7FBE6064-E3A4-4BD8-83CF-B2922076F729}.Release|x64.Build.0 = Release|x64
		{7FBE6064-E3A4-4BD8-83CF-B2922076F729}.Release|x86.ActiveCfg = Release|Win32
		{7FBE6064-E3A4-4BD8-83CF-B2922076F729}.Release|x86.Build.0 = Release|Win32
		{0240F6E7-EDFE-4281-B5D0-164D14A782B8}.Debug|x64.ActiveCfg = Debug|x64
		{0240F6E7-EDFE-4281-B5D0-164D14A782B8}.Debug|x64.Build.0 = Debug|x64
		{0240F6E7-EDFE-4281-B5D0-164D14A782B8}.Debug|x86.ActiveCfg = Debug|Win32
		{0240F6E7-EDFE-4281-B5D0-164D14A782B8}.Debug|x86.Build.0 = Debug|Win32
		{0240F6E7-EDFE-4281-B5D0-164D14A782B8}.Release|x64.ActiveCfg = Release|x64
		{0240F6E7-EDFE-4281-B5D0-164D14A782B8}.Release|x64.Build.0 = Release|x64
		{0240F6E7-EDFE-4281-B5D0-164D14A782B8}.Release|x86.ActiveCfg = Release|Win32
		{0240F6E7-EDFE-4281-B5D0-164D14A782B8}.Release|x86.Build.0 = Release|Win32
		{355A35C8-7ECC-4280-B837-6E34A71A24A1}.Debug|x64.ActiveCfg = Debug|x64
		{355A35C8-7ECC-4280-B837-6E34A71A24A1}.Debug|x64.Build.0 = Debug|x64
		{355A35C8-7ECC-4280-B837-6E34A71A24A1}.Debug|x86.ActiveCfg = Debug|Win32
		{355A35C8-7ECC-4280-B837-6E34A71A24A1}.Debug|x86.Build.0 = Debug|Win32
		{355A35C8-7ECC-4280-B837-6E34A71A24A1}.Release|x64.ActiveCfg = Release|x64
		{355A35C8-7ECC-4280-B837-6E34A71A24A1}.Release|x64.Build.0 = Release|x64
		{355A35C8-7ECC-4280-B837-6E34A71A24A1}.Release|x86.ActiveCfg = Release|Win32
		{355A35C8-7ECC-4280-B837-6E34A71A24A1}.Release|x86.Build.0 = Release|Win32
		{C02BB0B1-694F-4319-AB4B-22F934870AFB}.Debug|x64.ActiveCfg = Debug|x64
		{C02BB0B1-694F-4319-AB4B-22F934870AFB}.Debug|x64.Build.0 = Debug|x64
		{C02BB0B1-694F-4319-AB4B-22F934870AFB}.Debug|x86.ActiveCfg = Debug|Win32
		{C02BB0B1-694F-4319-AB4B-22F934870AFB}.Debug|x86.Build.0 = Debug|Win32
		{C02BB0B1-694F-4319-AB4B-22F934870AFB}.Release|x64.ActiveCfg = Release|x64
		{C02BB0B1-694F-4319-AB4B-22F934870AFB}.Release|x64.Build.0 = Release|x64
		{C02BB0B1-694F-4319-AB4B-22F934870AFB}.Release|x86.ActiveCfg = Release|Win32
		{C02BB0B1-694F-4319-AB4B-22F934870AFB}.Release|x86.Build.0 = Release|Win32
		{9C7E1B65-120E-410E-9FD4-1D6762C5FCDA}.Debug|x64.ActiveCfg = Debug|x64
		{9C7E1B65-120E-410E-9FD4-1D6762C5FCDA}.Debug|x64.Build.0 = Debug|x64
		{9C7E1B65-120E-410E-9FD4-1D6762C5FCDA}.Debug|x86.ActiveCfg = Debug|Win32
		{9C7E1B65-120E-410E-9FD4-1D6762C5FCDA}.Debug|x86.Build.0 = Debug|Win32
		{9C7E1B65-120E-410E-9FD4-1D6762C5FCDA}.Release|x64.ActiveCfg = Release|x64
		{9C7E1B65-120E-410E-9FD4-1D6762C5FCDA}.Release|x64.Build.0 = Release|x64
		{9C7E1B65-120E-410E-9FD4-1D6762C5FCDA}.Release|x86.ActiveCfg = Release|Win32
		{9C7E1B65-120E-410E-9FD4-1D6762C5FCDA}.Release|x86.Build.0 = Release|Win32
		{3DA3D178-1318-4E42-A88B-57415172D53F}.Debug|x64.ActiveCfg = Debug|x64
		{3DA3D178-1318-4E42-A88B-57415172D53F}.Debug|x64.Build.0 = Debug|x64
		{3DA3D178-1318-4E42-A88B-57415172D53F}.Debug|x86.ActiveCfg = Debug|Win32
		{3DA3D178-1318-4E42-A88B-57415172D53F}.Debug|x86.Build.0 = Debug|Win32
		{3DA3D178-1318-4E42-A88B-57415172D53F}.Release|x64.ActiveCfg = Release|x64
		{3DA3D178-1318-4E42-A88B-57415172D53F}.Release|x64.Build.0 = Release|x64
		{3DA3D178-1318-4E42-A88B-57415172D53F}.Release|x86.ActiveCfg = Release|Win32
		{3DA3D178-1318-4E42-A88B-57415172D53F}.Release|x86.Build.0 = Release|Win32
		{36087DD6-2EF5-417C-9678-AB7313921BF3}.Debug|x64.ActiveCfg = Debug|x64
		{36087DD6-2EF5-417C-9678-AB7313921BF3}.Debug|x64.Build.0 = Debug|x64
		{36087DD6-2EF5-417C-9678-AB7313921BF3}.Debug|x86.ActiveCfg = Debug|Win32
		{36087DD6-2EF5-417C-9678-AB7313921BF3}.Debug|x86.Build.0 = Debug|Win32
		{36087DD6-2EF5-417C-9678-AB7313921BF3}.Release|x64.ActiveCfg = Release|x64
		{36087DD6-2EF5-417C-9678-AB7313921BF3}.Release|x64.Build.0 = Release|x64
		{36087DD6-2EF5-417C-9678-AB7313921BF3}.Release|x86.ActiveCfg = Release|Win32
		{36087DD6-2EF5-417C-9678-AB7313921BF3}.Release|x86.Build.0 = Release|Win32
		{481D4A6D-89C2-4DA8-83EA-4CE25776DFA2}.Debug|x64.ActiveCfg = Debug|x64
		{481D4A6D-89C2-4DA8-83EA-4CE25776DFA2}.Debug|x64.Build.0 = Debug|x64
		{481D4A6D-89C2-4DA8-83EA-4CE25776DFA2}.Debug|x86.ActiveCfg = Debug|Win32
		{481D4A6D-89C2-4DA8-83EA-4CE25776DFA2}.Debug|x86.Build.0 = Debug|Win32
		{481D4A6D-89C2-4DA8-83EA-4CE25776DFA2}.Release|x64.ActiveCfg = Release|x64
		{481D4A6D-89C2-4DA8-83EA-4CE25776DFA2}.Release|x64.Build.0 = Release|x64
		{481D4A6D-89C2-4DA8-83EA-4CE25776DFA2}.Release|x86.ActiveCfg = Release|Win32
		{481D4A6D-89C2-4DA8-83EA-4CE25776DFA2}.Release|x86.Build.0 = Release|Win32
		{863AA052-E779-4B61-8212-E80DCAD31947}.Debug|x64.ActiveCfg = Debug|x64
		{863AA052-E779-4B61-8212-E80DCAD31947}.Debug|x64.Build.0 = Debug|x64
		{863AA052-E779-4B61-8212-E80DCAD31947}.Debug|x86.ActiveCfg = Debug|Win32
		{863AA052-E779-4B61-8212-E80DCAD31947}.Debug|x86.Build.0 = Debug|Win32
		{863AA052-E779-4B61-8212-E80DCAD31947}.Release|x64.ActiveCfg = Release|x64
		{863AA052-E779-4B61-8212-E80DCAD31947}.Release|x64.Build.0 = Release|x64
		{863AA052-E779-4B61-8212-E80DCAD31947}.Release|x86.ActiveCfg = Release|Win32
		{863AA052-E779-4B61-8212-E80DCAD31947}.Release|x86.Build.0 = Release|Win32
	EndGlobalSection
	GlobalSection(SolutionProperties) = preSolution
		HideSolutionNode = FALSE
	EndGlobalSection
	GlobalSection(ExtensibilityGlobals) = postSolution
		SolutionGuid = {247F7410-5BC2-408D-A364-155204C77E84}
	EndGlobalSection
EndGlobal
